{
  "object": {
    "pins": [
      {
        "package": "KeyCode",
        "repositoryURL": "https://github.com/SwiftKeyCode/SwiftKeyCode",
        "state": {
          "branch": "main",
          "revision": "73c3afc829ca7aea0f8407645c33595feb47ed7e",
          "version": null
        }
      }
    ]
  },
  "version": 1
}
