{
  "object": {
    "pins": [
      {
        "package": "KeyCode",
        "repositoryURL": "https://github.com/SwiftKeyCode/SwiftKeyCode",
        "state": {
          "branch": "main",
          "revision": "c976c804a774d703bc6a56b734fd4eb714779fd4",
          "version": null
        }
      }
    ]
  },
  "version": 1
}
