{
  "object": {
    "pins": [
      {
        "package": "KeyCode",
        "repositoryURL": "https://github.com/SwiftKeyCode/SwiftKeyCode",
        "state": {
          "branch": "main",
          "revision": "6df4873ec49be9a1c1d760fd3b2f60759a2bbeb2",
          "version": null
        }
      }
    ]
  },
  "version": 1
}
